
Microsoft Visual Studio Solution File, Format Version 12.00
# Visual Studio Version 17
VisualStudioVersion = 17.4.33213.308
MinimumVisualStudioVersion = 10.0.40219.1
Project("{FAE04EC0-301F-11D3-BF4B-00C04F79EFBC}") = "EnrollmentSystem", "EnrollmentSystem\EnrollmentSystem.csproj", "{F404AC40-70EF-4111-A5E3-24E1F92AC333}"
EndProject
Global
	GlobalSection(SolutionConfigurationPlatforms) = preSolution
		Debug|Any CPU = Debug|Any CPU
		Release|Any CPU = Release|Any CPU
	EndGlobalSection
	GlobalSection(ProjectConfigurationPlatforms) = postSolution
		{F404AC40-70EF-4111-A5E3-24E1F92AC333}.Debug|Any CPU.ActiveCfg = Debug|Any CPU
		{F404AC40-70EF-4111-A5E3-24E1F92AC333}.Debug|Any CPU.Build.0 = Debug|Any CPU
		{F404AC40-70EF-4111-A5E3-24E1F92AC333}.Release|Any CPU.ActiveCfg = Release|Any CPU
		{F404AC40-70EF-4111-A5E3-24E1F92AC333}.Release|Any CPU.Build.0 = Release|Any CPU
	EndGlobalSection
	GlobalSection(SolutionProperties) = preSolution
		HideSolutionNode = FALSE
	EndGlobalSection
	GlobalSection(ExtensibilityGlobals) = postSolution
		SolutionGuid = {6A8D7FE3-4B18-4890-90FD-943CA7FB3617}
	EndGlobalSection
EndGlobal
